{
  "originHash" : "c9be69fba2b97bfadda5c8d2e0947565d27dd50e5f196a193175484579dba666",
  "pins" : [
    {
      "identity" : "cryptoui",
      "kind" : "remoteSourceControl",
      "location" : "https://github.com/eceakcay/CryptoUI.git",
      "state" : {
        "branch" : "main",
        "revision" : "7325cb02f8f3b6c63f7c302a91934b71246bbb2c"
      }
    }
  ],
  "version" : 3
}
