{
  "originHash" : "c9be69fba2b97bfadda5c8d2e0947565d27dd50e5f196a193175484579dba666",
  "pins" : [
    {
      "identity" : "charts",
      "kind" : "remoteSourceControl",
      "location" : "https://github.com/ChartsOrg/Charts.git",
      "state" : {
        "revision" : "dd9c72e3d7e751e769971092a6bd72d39198ae63",
        "version" : "5.1.0"
      }
    },
    {
      "identity" : "cryptoui",
      "kind" : "remoteSourceControl",
      "location" : "https://github.com/eceakcay/CryptoUI.git",
      "state" : {
        "branch" : "main",
        "revision" : "abe7877e9d06c04589d6d7108a6f6b587c6fc620"
      }
    }
  ],
  "version" : 3
}
